
Microsoft Visual Studio Solution File, Format Version 12.00
# Visual Studio Version 17
VisualStudioVersion = 17.13.35825.156 d17.13
MinimumVisualStudioVersion = 10.0.40219.1
Project("{8BC9CEB8-8B4A-11D0-8D11-00A0C91BC942}") = "MxDriver", "MxDriver.vcxproj", "{72001F3D-7748-2884-D38F-DCA7BCABEF46}"
EndProject
Global
	GlobalSection(SolutionConfigurationPlatforms) = preSolution
		Debug|ARM64 = Debug|ARM64
		Debug|x64 = Debug|x64
		Release|ARM64 = Release|ARM64
		Release|x64 = Release|x64
	EndGlobalSection
	GlobalSection(ProjectConfigurationPlatforms) = postSolution
		{72001F3D-7748-2884-D38F-DCA7BCABEF46}.Debug|ARM64.ActiveCfg = Debug|ARM64
		{72001F3D-7748-2884-D38F-DCA7BCABEF46}.Debug|ARM64.Build.0 = Debug|ARM64
		{72001F3D-7748-2884-D38F-DCA7BCABEF46}.Debug|ARM64.Deploy.0 = Debug|ARM64
		{72001F3D-7748-2884-D38F-DCA7BCABEF46}.Debug|x64.ActiveCfg = Debug|x64
		{72001F3D-7748-2884-D38F-DCA7BCABEF46}.Debug|x64.Build.0 = Debug|x64
		{72001F3D-7748-2884-D38F-DCA7BCABEF46}.Debug|x64.Deploy.0 = Debug|x64
		{72001F3D-7748-2884-D38F-DCA7BCABEF46}.Release|ARM64.ActiveCfg = Release|ARM64
		{72001F3D-7748-2884-D38F-DCA7BCABEF46}.Release|ARM64.Build.0 = Release|ARM64
		{72001F3D-7748-2884-D38F-DCA7BCABEF46}.Release|ARM64.Deploy.0 = Release|ARM64
		{72001F3D-7748-2884-D38F-DCA7BCABEF46}.Release|x64.ActiveCfg = Release|x64
		{72001F3D-7748-2884-D38F-DCA7BCABEF46}.Release|x64.Build.0 = Release|x64
		{72001F3D-7748-2884-D38F-DCA7BCABEF46}.Release|x64.Deploy.0 = Release|x64
	EndGlobalSection
	GlobalSection(SolutionProperties) = preSolution
		HideSolutionNode = FALSE
	EndGlobalSection
	GlobalSection(ExtensibilityGlobals) = postSolution
		SolutionGuid = {A413E58A-025F-4124-995C-F768F1163AE6}
	EndGlobalSection
EndGlobal
